// !$*UTF8*$!
{
	archiveVersion = 1;
	classes = {
	};
	objectVersion = 46;
	objects = {

/* Begin PBXBuildFile section */
		87DC18F71A8809B800E1674D /* AppDelegate.swift in Sources */ = {isa = PBXBuildFile; fileRef = 87DC18F61A8809B800E1674D /* AppDelegate.swift */; };
		87DC18F91A8809B800E1674D /* ViewController.swift in Sources */ = {isa = PBXBuildFile; fileRef = 87DC18F81A8809B800E1674D /* ViewController.swift */; };
		87DC18FC1A8809B800E1674D /* Main.storyboard in Resources */ = {isa = PBXBuildFile; fileRef = 87DC18FA1A8809B800E1674D /* Main.storyboard */; };
		87DC18FE1A8809B800E1674D /* Images.xcassets in Resources */ = {isa = PBXBuildFile; fileRef = 87DC18FD1A8809B800E1674D /* Images.xcassets */; };
		87DC19011A8809B800E1674D /* LaunchScreen.xib in Resources */ = {isa = PBXBuildFile; fileRef = 87DC18FF1A8809B800E1674D /* LaunchScreen.xib */; };
		87DC190D1A8809B800E1674D /* FormsDemoTests.swift in Sources */ = {isa = PBXBuildFile; fileRef = 87DC190C1A8809B800E1674D /* FormsDemoTests.swift */; };
		87DC19191A880A7E00E1674D /* FilterCell.swift in Sources */ = {isa = PBXBuildFile; fileRef = 87DC19181A880A7E00E1674D /* FilterCell.swift */; };
		87F47FC81A88611F00755B6C /* MainViewController.swift in Sources */ = {isa = PBXBuildFile; fileRef = 87F47FC71A88611F00755B6C /* MainViewController.swift */; };
/* End PBXBuildFile section */

/* Begin PBXContainerItemProxy section */
		87DC19071A8809B800E1674D /* PBXContainerItemProxy */ = {
			isa = PBXContainerItemProxy;
			containerPortal = 87DC18E91A8809B800E1674D /* Project object */;
			proxyType = 1;
			remoteGlobalIDString = 87DC18F01A8809B800E1674D;
			remoteInfo = FormsDemo;
		};
/* End PBXContainerItemProxy section */

/* Begin PBXFileReference section */
		87DC18F11A8809B800E1674D /* FormsDemo.app */ = {isa = PBXFileReference; explicitFileType = wrapper.application; includeInIndex = 0; path = FormsDemo.app; sourceTree = BUILT_PRODUCTS_DIR; };
		87DC18F51A8809B800E1674D /* Info.plist */ = {isa = PBXFileReference; lastKnownFileType = text.plist.xml; path = Info.plist; sourceTree = "<group>"; };
		87DC18F61A8809B800E1674D /* AppDelegate.swift */ = {isa = PBXFileReference; lastKnownFileType = sourcecode.swift; path = AppDelegate.swift; sourceTree = "<group>"; };
		87DC18F81A8809B800E1674D /* ViewController.swift */ = {isa = PBXFileReference; lastKnownFileType = sourcecode.swift; path = ViewController.swift; sourceTree = "<group>"; };
		87DC18FB1A8809B800E1674D /* Base */ = {isa = PBXFileReference; lastKnownFileType = file.storyboard; name = Base; path = Base.lproj/Main.storyboard; sourceTree = "<group>"; };
		87DC18FD1A8809B800E1674D /* Images.xcassets */ = {isa = PBXFileReference; lastKnownFileType = folder.assetcatalog; path = Images.xcassets; sourceTree = "<group>"; };
		87DC19001A8809B800E1674D /* Base */ = {isa = PBXFileReference; lastKnownFileType = file.xib; name = Base; path = Base.lproj/LaunchScreen.xib; sourceTree = "<group>"; };
		87DC19061A8809B800E1674D /* FormsDemoTests.xctest */ = {isa = PBXFileReference; explicitFileType = wrapper.cfbundle; includeInIndex = 0; path = FormsDemoTests.xctest; sourceTree = BUILT_PRODUCTS_DIR; };
		87DC190B1A8809B800E1674D /* Info.plist */ = {isa = PBXFileReference; lastKnownFileType = text.plist.xml; path = Info.plist; sourceTree = "<group>"; };
		87DC190C1A8809B800E1674D /* FormsDemoTests.swift */ = {isa = PBXFileReference; lastKnownFileType = sourcecode.swift; path = FormsDemoTests.swift; sourceTree = "<group>"; };
		87DC19181A880A7E00E1674D /* FilterCell.swift */ = {isa = PBXFileReference; fileEncoding = 4; lastKnownFileType = sourcecode.swift; path = FilterCell.swift; sourceTree = "<group>"; };
		87F47FC71A88611F00755B6C /* MainViewController.swift */ = {isa = PBXFileReference; fileEncoding = 4; lastKnownFileType = sourcecode.swift; path = MainViewController.swift; sourceTree = "<group>"; };
/* End PBXFileReference section */

/* Begin PBXFrameworksBuildPhase section */
		87DC18EE1A8809B800E1674D /* Frameworks */ = {
			isa = PBXFrameworksBuildPhase;
			buildActionMask = 2147483647;
			files = (
			);
			runOnlyForDeploymentPostprocessing = 0;
		};
		87DC19031A8809B800E1674D /* Frameworks */ = {
			isa = PBXFrameworksBuildPhase;
			buildActionMask = 2147483647;
			files = (
			);
			runOnlyForDeploymentPostprocessing = 0;
		};
/* End PBXFrameworksBuildPhase section */

/* Begin PBXGroup section */
		87DC18E81A8809B800E1674D = {
			isa = PBXGroup;
			children = (
				87DC18F31A8809B800E1674D /* FormsDemo */,
				87DC19091A8809B800E1674D /* FormsDemoTests */,
				87DC18F21A8809B800E1674D /* Products */,
			);
			sourceTree = "<group>";
		};
		87DC18F21A8809B800E1674D /* Products */ = {
			isa = PBXGroup;
			children = (
				87DC18F11A8809B800E1674D /* FormsDemo.app */,
				87DC19061A8809B800E1674D /* FormsDemoTests.xctest */,
			);
			name = Products;
			sourceTree = "<group>";
		};
		87DC18F31A8809B800E1674D /* FormsDemo */ = {
			isa = PBXGroup;
			children = (
				87DC18F61A8809B800E1674D /* AppDelegate.swift */,
				87DC18F81A8809B800E1674D /* ViewController.swift */,
				87F47FC71A88611F00755B6C /* MainViewController.swift */,
				87DC19181A880A7E00E1674D /* FilterCell.swift */,
				87DC18FA1A8809B800E1674D /* Main.storyboard */,
				87DC18FD1A8809B800E1674D /* Images.xcassets */,
				87DC18FF1A8809B800E1674D /* LaunchScreen.xib */,
				87DC18F41A8809B800E1674D /* Supporting Files */,
			);
			path = FormsDemo;
			sourceTree = "<group>";
		};
		87DC18F41A8809B800E1674D /* Supporting Files */ = {
			isa = PBXGroup;
			children = (
				87DC18F51A8809B800E1674D /* Info.plist */,
			);
			name = "Supporting Files";
			sourceTree = "<group>";
		};
		87DC19091A8809B800E1674D /* FormsDemoTests */ = {
			isa = PBXGroup;
			children = (
				87DC190C1A8809B800E1674D /* FormsDemoTests.swift */,
				87DC190A1A8809B800E1674D /* Supporting Files */,
			);
			path = FormsDemoTests;
			sourceTree = "<group>";
		};
		87DC190A1A8809B800E1674D /* Supporting Files */ = {
			isa = PBXGroup;
			children = (
				87DC190B1A8809B800E1674D /* Info.plist */,
			);
			name = "Supporting Files";
			sourceTree = "<group>";
		};
/* End PBXGroup section */

/* Begin PBXNativeTarget section */
		87DC18F01A8809B800E1674D /* FormsDemo */ = {
			isa = PBXNativeTarget;
			buildConfigurationList = 87DC19101A8809B800E1674D /* Build configuration list for PBXNativeTarget "FormsDemo" */;
			buildPhases = (
				87DC18ED1A8809B800E1674D /* Sources */,
				87DC18EE1A8809B800E1674D /* Frameworks */,
				87DC18EF1A8809B800E1674D /* Resources */,
			);
			buildRules = (
			);
			dependencies = (
			);
			name = FormsDemo;
			productName = FormsDemo;
			productReference = 87DC18F11A8809B800E1674D /* FormsDemo.app */;
			productType = "com.apple.product-type.application";
		};
		87DC19051A8809B800E1674D /* FormsDemoTests */ = {
			isa = PBXNativeTarget;
			buildConfigurationList = 87DC19131A8809B800E1674D /* Build configuration list for PBXNativeTarget "FormsDemoTests" */;
			buildPhases = (
				87DC19021A8809B800E1674D /* Sources */,
				87DC19031A8809B800E1674D /* Frameworks */,
				87DC19041A8809B800E1674D /* Resources */,
			);
			buildRules = (
			);
			dependencies = (
				87DC19081A8809B800E1674D /* PBXTargetDependency */,
			);
			name = FormsDemoTests;
			productName = FormsDemoTests;
			productReference = 87DC19061A8809B800E1674D /* FormsDemoTests.xctest */;
			productType = "com.apple.product-type.bundle.unit-test";
		};
/* End PBXNativeTarget section */

/* Begin PBXProject section */
		87DC18E91A8809B800E1674D /* Project object */ = {
			isa = PBXProject;
			attributes = {
				LastUpgradeCheck = 0610;
				ORGANIZATIONNAME = "Sommer Panage";
				TargetAttributes = {
					87DC18F01A8809B800E1674D = {
						CreatedOnToolsVersion = 6.1.1;
					};
					87DC19051A8809B800E1674D = {
						CreatedOnToolsVersion = 6.1.1;
						TestTargetID = 87DC18F01A8809B800E1674D;
					};
				};
			};
			buildConfigurationList = 87DC18EC1A8809B800E1674D /* Build configuration list for PBXProject "FormsDemo" */;
			compatibilityVersion = "Xcode 3.2";
			developmentRegion = English;
			hasScannedForEncodings = 0;
			knownRegions = (
				en,
				Base,
			);
			mainGroup = 87DC18E81A8809B800E1674D;
			productRefGroup = 87DC18F21A8809B800E1674D /* Products */;
			projectDirPath = "";
			projectRoot = "";
			targets = (
				87DC18F01A8809B800E1674D /* FormsDemo */,
				87DC19051A8809B800E1674D /* FormsDemoTests */,
			);
		};
/* End PBXProject section */

/* Begin PBXResourcesBuildPhase section */
		87DC18EF1A8809B800E1674D /* Resources */ = {
			isa = PBXResourcesBuildPhase;
			buildActionMask = 2147483647;
			files = (
				87DC18FC1A8809B800E1674D /* Main.storyboard in Resources */,
				87DC19011A8809B800E1674D /* LaunchScreen.xib in Resources */,
				87DC18FE1A8809B800E1674D /* Images.xcassets in Resources */,
			);
			runOnlyForDeploymentPostprocessing = 0;
		};
		87DC19041A8809B800E1674D /* Resources */ = {
			isa = PBXResourcesBuildPhase;
			buildActionMask = 2147483647;
			files = (
			);
			runOnlyForDeploymentPostprocessing = 0;
		};
/* End PBXResourcesBuildPhase section */

/* Begin PBXSourcesBuildPhase section */
		87DC18ED1A8809B800E1674D /* Sources */ = {
			isa = PBXSourcesBuildPhase;
			buildActionMask = 2147483647;
			files = (
				87DC18F91A8809B800E1674D /* ViewController.swift in Sources */,
				87DC19191A880A7E00E1674D /* FilterCell.swift in Sources */,
				87DC18F71A8809B800E1674D /* AppDelegate.swift in Sources */,
				87F47FC81A88611F00755B6C /* MainViewController.swift in Sources */,
			);
			runOnlyForDeploymentPostprocessing = 0;
		};
		87DC19021A8809B800E1674D /* Sources */ = {
			isa = PBXSourcesBuildPhase;
			buildActionMask = 2147483647;
			files = (
				87DC190D1A8809B800E1674D /* FormsDemoTests.swift in Sources */,
			);
			runOnlyForDeploymentPostprocessing = 0;
		};
/* End PBXSourcesBuildPhase section */

/* Begin PBXTargetDependency section */
		87DC19081A8809B800E1674D /* PBXTargetDependency */ = {
			isa = PBXTargetDependency;
			target = 87DC18F01A8809B800E1674D /* FormsDemo */;
			targetProxy = 87DC19071A8809B800E1674D /* PBXContainerItemProxy */;
		};
/* End PBXTargetDependency section */

/* Begin PBXVariantGroup section */
		87DC18FA1A8809B800E1674D /* Main.storyboard */ = {
			isa = PBXVariantGroup;
			children = (
				87DC18FB1A8809B800E1674D /* Base */,
			);
			name = Main.storyboard;
			sourceTree = "<group>";
		};
		87DC18FF1A8809B800E1674D /* LaunchScreen.xib */ = {
			isa = PBXVariantGroup;
			children = (
				87DC19001A8809B800E1674D /* Base */,
			);
			name = LaunchScreen.xib;
			sourceTree = "<group>";
		};
/* End PBXVariantGroup section */

/* Begin XCBuildConfiguration section */
		87DC190E1A8809B800E1674D /* Debug */ = {
			isa = XCBuildConfiguration;
			buildSettings = {
				ALWAYS_SEARCH_USER_PATHS = NO;
				CLANG_CXX_LANGUAGE_STANDARD = "gnu++0x";
				CLANG_CXX_LIBRARY = "libc++";
				CLANG_ENABLE_MODULES = YES;
				CLANG_ENABLE_OBJC_ARC = YES;
				CLANG_WARN_BOOL_CONVERSION = YES;
				CLANG_WARN_CONSTANT_CONVERSION = YES;
				CLANG_WARN_DIRECT_OBJC_ISA_USAGE = YES_ERROR;
				CLANG_WARN_EMPTY_BODY = YES;
				CLANG_WARN_ENUM_CONVERSION = YES;
				CLANG_WARN_INT_CONVERSION = YES;
				CLANG_WARN_OBJC_ROOT_CLASS = YES_ERROR;
				CLANG_WARN_UNREACHABLE_CODE = YES;
				CLANG_WARN__DUPLICATE_METHOD_MATCH = YES;
				"CODE_SIGN_IDENTITY[sdk=iphoneos*]" = "iPhone Developer";
				COPY_PHASE_STRIP = NO;
				ENABLE_STRICT_OBJC_MSGSEND = YES;
				GCC_C_LANGUAGE_STANDARD = gnu99;
				GCC_DYNAMIC_NO_PIC = NO;
				GCC_OPTIMIZATION_LEVEL = 0;
				GCC_PREPROCESSOR_DEFINITIONS = (
					"DEBUG=1",
					"$(inherited)",
				);
				GCC_SYMBOLS_PRIVATE_EXTERN = NO;
				GCC_WARN_64_TO_32_BIT_CONVERSION = YES;
				GCC_WARN_ABOUT_RETURN_TYPE = YES_ERROR;
				GCC_WARN_UNDECLARED_SELECTOR = YES;
				GCC_WARN_UNINITIALIZED_AUTOS = YES_AGGRESSIVE;
				GCC_WARN_UNUSED_FUNCTION = YES;
				GCC_WARN_UNUSED_VARIABLE = YES;
				IPHONEOS_DEPLOYMENT_TARGET = 8.1;
				MTL_ENABLE_DEBUG_INFO = YES;
				ONLY_ACTIVE_ARCH = YES;
				SDKROOT = iphoneos;
				SWIFT_OPTIMIZATION_LEVEL = "-Onone";
			};
			name = Debug;
		};
		87DC190F1A8809B800E1674D /* Release */ = {
			isa = XCBuildConfiguration;
			buildSettings = {
				ALWAYS_SEARCH_USER_PATHS = NO;
				CLANG_CXX_LANGUAGE_STANDARD = "gnu++0x";
				CLANG_CXX_LIBRARY = "libc++";
				CLANG_ENABLE_MODULES = YES;
				CLANG_ENABLE_OBJC_ARC = YES;
				CLANG_WARN_BOOL_CONVERSION = YES;
				CLANG_WARN_CONSTANT_CONVERSION = YES;
				CLANG_WARN_DIRECT_OBJC_ISA_USAGE = YES_ERROR;
				CLANG_WARN_EMPTY_BODY = YES;
				CLANG_WARN_ENUM_CONVERSION = YES;
				CLANG_WARN_INT_CONVERSION = YES;
				CLANG_WARN_OBJC_ROOT_CLASS = YES_ERROR;
				CLANG_WARN_UNREACHABLE_CODE = YES;
				CLANG_WARN__DUPLICATE_METHOD_MATCH = YES;
				"CODE_SIGN_IDENTITY[sdk=iphoneos*]" = "iPhone Developer";
				COPY_PHASE_STRIP = YES;
				ENABLE_NS_ASSERTIONS = NO;
				ENABLE_STRICT_OBJC_MSGSEND = YES;
				GCC_C_LANGUAGE_STANDARD = gnu99;
				GCC_WARN_64_TO_32_BIT_CONVERSION = YES;
				GCC_WARN_ABOUT_RETURN_TYPE = YES_ERROR;
				GCC_WARN_UNDECLARED_SELECTOR = YES;
				GCC_WARN_UNINITIALIZED_AUTOS = YES_AGGRESSIVE;
				GCC_WARN_UNUSED_FUNCTION = YES;
				GCC_WARN_UNUSED_VARIABLE = YES;
				IPHONEOS_DEPLOYMENT_TARGET = 8.1;
				MTL_ENABLE_DEBUG_INFO = NO;
				SDKROOT = iphoneos;
				VALIDATE_PRODUCT = YES;
			};
			name = Release;
		};
		87DC19111A8809B800E1674D /* Debug */ = {
			isa = XCBuildConfiguration;
			buildSettings = {
				ASSETCATALOG_COMPILER_APPICON_NAME = AppIcon;
				INFOPLIST_FILE = FormsDemo/Info.plist;
				LD_RUNPATH_SEARCH_PATHS = "$(inherited) @executable_path/Frameworks";
				PRODUCT_NAME = "$(TARGET_NAME)";
			};
			name = Debug;
		};
		87DC19121A8809B800E1674D /* Release */ = {
			isa = XCBuildConfiguration;
			buildSettings = {
				ASSETCATALOG_COMPILER_APPICON_NAME = AppIcon;
				INFOPLIST_FILE = FormsDemo/Info.plist;
				LD_RUNPATH_SEARCH_PATHS = "$(inherited) @executable_path/Frameworks";
				PRODUCT_NAME = "$(TARGET_NAME)";
			};
			name = Release;
		};
		87DC19141A8809B800E1674D /* Debug */ = {
			isa = XCBuildConfiguration;
			buildSettings = {
				BUNDLE_LOADER = "$(TEST_HOST)";
				FRAMEWORK_SEARCH_PATHS = (
					"$(SDKROOT)/Developer/Library/Frameworks",
					"$(inherited)",
				);
				GCC_PREPROCESSOR_DEFINITIONS = (
					"DEBUG=1",
					"$(inherited)",
				);
				INFOPLIST_FILE = FormsDemoTests/Info.plist;
				LD_RUNPATH_SEARCH_PATHS = "$(inherited) @executable_path/Frameworks @loader_path/Frameworks";
				PRODUCT_NAME = "$(TARGET_NAME)";
				TEST_HOST = "$(BUILT_PRODUCTS_DIR)/FormsDemo.app/FormsDemo";
			};
			name = Debug;
		};
		87DC19151A8809B800E1674D /* Release */ = {
			isa = XCBuildConfiguration;
			buildSettings = {
				BUNDLE_LOADER = "$(TEST_HOST)";
				FRAMEWORK_SEARCH_PATHS = (
					"$(SDKROOT)/Developer/Library/Frameworks",
					"$(inherited)",
				);
				INFOPLIST_FILE = FormsDemoTests/Info.plist;
				LD_RUNPATH_SEARCH_PATHS = "$(inherited) @executable_path/Frameworks @loader_path/Frameworks";
				PRODUCT_NAME = "$(TARGET_NAME)";
				TEST_HOST = "$(BUILT_PRODUCTS_DIR)/FormsDemo.app/FormsDemo";
			};
			name = Release;
		};
/* End XCBuildConfiguration section */

/* Begin XCConfigurationList section */
		87DC18EC1A8809B800E1674D /* Build configuration list for PBXProject "FormsDemo" */ = {
			isa = XCConfigurationList;
			buildConfigurations = (
				87DC190E1A8809B800E1674D /* Debug */,
				87DC190F1A8809B800E1674D /* Release */,
			);
			defaultConfigurationIsVisible = 0;
			defaultConfigurationName = Release;
		};
		87DC19101A8809B800E1674D /* Build configuration list for PBXNativeTarget "FormsDemo" */ = {
			isa = XCConfigurationList;
			buildConfigurations = (
				87DC19111A8809B800E1674D /* Debug */,
				87DC19121A8809B800E1674D /* Release */,
			);
			defaultConfigurationIsVisible = 0;
			defaultConfigurationName = Release;
		};
		87DC19131A8809B800E1674D /* Build configuration list for PBXNativeTarget "FormsDemoTests" */ = {
			isa = XCConfigurationList;
			buildConfigurations = (
				87DC19141A8809B800E1674D /* Debug */,
				87DC19151A8809B800E1674D /* Release */,
			);
			defaultConfigurationIsVisible = 0;
			defaultConfigurationName = Release;
		};
/* End XCConfigurationList section */
	};
	rootObject = 87DC18E91A8809B800E1674D /* Project object */;
}
